%{
  "amqp": {:hex, :amqp, "1.2.0", "d086308524fc296e09d12bdeb5e7a63f92fc51b7a3a40c08042efa6121fb483b", [:mix], [{:amqp_client, "~> 3.7.11", [hex: :amqp_client, repo: "hexpm", optional: false]}, {:goldrush, "~> 0.1.0", [hex: :goldrush, repo: "hexpm", optional: false]}, {:jsx, "~> 2.9", [hex: :jsx, repo: "hexpm", optional: false]}, {:lager, "~> 3.6.5", [hex: :lager, repo: "hexpm", optional: false]}, {:rabbit_common, "~> 3.7.11", [hex: :rabbit_common, repo: "hexpm", optional: false]}, {:ranch, "~> 1.7", [hex: :ranch, repo: "hexpm", optional: false]}, {:recon, "~> 2.3", [hex: :recon, repo: "hexpm", optional: false]}], "hexpm"},
  "amqp_client": {:hex, :amqp_client, "3.7.11", "e692b3ba59e6df93c13cec5feefb62c956fcdbae341565101c7668375cc387fe", [:make, :rebar3], [{:rabbit_common, "3.7.11", [hex: :rabbit_common, repo: "hexpm", optional: false]}], "hexpm"},
  "circuits_uart": {:hex, :circuits_uart, "1.4.2", "520817daced77620bc036c168eb42b55ba4b4c141c2de47a199895a35a86e690", [:mix], [{:elixir_make, "~> 0.6", [hex: :elixir_make, repo: "hexpm", optional: false]}], "hexpm", "d3da86c9ef9ef196150797c7de1c7a7d367ebcd0de44f325c36def8654976c06"},
  "elixir_make": {:hex, :elixir_make, "0.6.0", "38349f3e29aff4864352084fc736fa7fa0f2995a819a737554f7ebd28b85aaab", [:mix], [], "hexpm", "d522695b93b7f0b4c0fcb2dfe73a6b905b1c301226a5a55cb42e5b14d509e050"},
  "exml": {:hex, :exml, "0.1.1", "1f580101641781e23dbda396ae8a4ea5dcf1be526859e59f3129921610f4afd3", [:mix], [], "hexpm", "7e6928a1cdb6cbf470875c75b192b348ffff5adfabd661923585a87ee85535e1"},
  "gen_stage": {:hex, :gen_stage, "0.14.1", "9d46723fda072d4f4bb31a102560013f7960f5d80ea44dcb96fd6304ed61e7a4", [:mix], [], "hexpm"},
  "goldrush": {:hex, :goldrush, "0.1.9", "f06e5d5f1277da5c413e84d5a2924174182fb108dabb39d5ec548b27424cd106", [:rebar3], [], "hexpm"},
  "jsx": {:hex, :jsx, "2.9.0", "d2f6e5f069c00266cad52fb15d87c428579ea4d7d73a33669e12679e203329dd", [:mix, :rebar3], [], "hexpm"},
  "lager": {:hex, :lager, "3.6.5", "831910109f3fcb503debf658ca0538836b348c58bfbf349a6d48228096ce9040", [:rebar3], [{:goldrush, "0.1.9", [hex: :goldrush, repo: "hexpm", optional: false]}], "hexpm"},
  "meeseeks": {:hex, :meeseeks, "0.11.0", "479cdc4f1781cd520ff950dd06e8d529c16dbcad45586bfea6d2b6cc5d2409f0", [:mix], [{:meeseeks_html5ever, "~> 0.11.0", [hex: :meeseeks_html5ever, repo: "hexpm", optional: false]}], "hexpm"},
  "meeseeks_html5ever": {:hex, :meeseeks_html5ever, "0.11.0", "5aaf9c895874fded42a40167841964fe30f5b73b217fb4c9e9b83f8337344d3d", [:mix], [{:rustler, "~> 0.20.0", [hex: :rustler, repo: "hexpm", optional: false]}], "hexpm"},
  "nimble_parsec": {:hex, :nimble_parsec, "0.5.0", "90e2eca3d0266e5c53f8fbe0079694740b9c91b6747f2b7e3c5d21966bba8300", [:mix], [], "hexpm"},
  "rabbit_common": {:hex, :rabbit_common, "3.7.11", "dc107a55f6213875264c5ffe014a8d7b34004893d9bc9eb5e16d6c519fb96cf1", [:make, :rebar3], [{:jsx, "2.9.0", [hex: :jsx, repo: "hexpm", optional: false]}, {:lager, "3.6.5", [hex: :lager, repo: "hexpm", optional: false]}, {:ranch, "1.7.1", [hex: :ranch, repo: "hexpm", optional: false]}, {:recon, "2.3.6", [hex: :recon, repo: "hexpm", optional: false]}], "hexpm"},
  "ranch": {:hex, :ranch, "1.7.1", "6b1fab51b49196860b733a49c07604465a47bdb78aa10c1c16a3d199f7f8c881", [:rebar3], [], "hexpm"},
  "recon": {:hex, :recon, "2.3.6", "2bcad0cf621fb277cabbb6413159cd3aa30265c2dee42c968697988b30108604", [:rebar3], [], "hexpm"},
  "rustler": {:hex, :rustler, "0.20.0", "6b2cc8149700a7b1df2226dbe273ec1f9449318cad3bd3b5b68125a4cf1f438b", [:mix], [], "hexpm"},
  "sweet_xml": {:hex, :sweet_xml, "0.6.6", "fc3e91ec5dd7c787b6195757fbcf0abc670cee1e4172687b45183032221b66b8", [:mix], [], "hexpm"},
}
